# This file is automatically @generated by Cargo.
# It is not intended for manual editing.
version = 4

[[package]]
name = "alpha-neo-pack"
version = "0.1.0"

[[package]]
name = "alpha-neo-sdk"
version = "0.1.0"

[[package]]
name = "alpha-usb-applet"
version = "0.1.0"
dependencies = [
 "alpha-neo-sdk",
]
